
Microsoft Visual Studio Solution File, Format Version 12.00
# Visual Studio Version 17
VisualStudioVersion = 17.2.32630.192
MinimumVisualStudioVersion = 10.0.40219.1
Project("{FAE04EC0-301F-11D3-BF4B-00C04F79EFBC}") = "Studio-1", "Studio-1\Studio-1.csproj", "{A07BC9B0-95C9-4FAA-914E-BDCE72E29246}"
EndProject
Project("{2150E333-8FDC-42A3-9474-1A3956D46DE8}") = "Solution Items", "Solution Items", "{FA839BAB-59AA-4641-BFA5-94C198D8768B}"
EndProject
Global
	GlobalSection(SolutionConfigurationPlatforms) = preSolution
		Debug|Any CPU = Debug|Any CPU
		Release|Any CPU = Release|Any CPU
	EndGlobalSection
	GlobalSection(ProjectConfigurationPlatforms) = postSolution
		{A07BC9B0-95C9-4FAA-914E-BDCE72E29246}.Debug|Any CPU.ActiveCfg = Debug|Any CPU
		{A07BC9B0-95C9-4FAA-914E-BDCE72E29246}.Debug|Any CPU.Build.0 = Debug|Any CPU
		{A07BC9B0-95C9-4FAA-914E-BDCE72E29246}.Release|Any CPU.ActiveCfg = Release|Any CPU
		{A07BC9B0-95C9-4FAA-914E-BDCE72E29246}.Release|Any CPU.Build.0 = Release|Any CPU
	EndGlobalSection
	GlobalSection(SolutionProperties) = preSolution
		HideSolutionNode = FALSE
	EndGlobalSection
	GlobalSection(ExtensibilityGlobals) = postSolution
		SolutionGuid = {236A9C02-3317-41FD-BEEB-07175C285140}
	EndGlobalSection
EndGlobal
